PODS:
  - Matrioska (0.1.0-alpha1):
    - SnapKit (~> 3.0)
  - SnapKit (3.2.0)

DEPENDENCIES:
  - Matrioska (from `../Matrioska.podspec`)
  - SnapKit

EXTERNAL SOURCES:
  Matrioska:
    :path: "../Matrioska.podspec"

SPEC CHECKSUMS:
  Matrioska: b070c1ad36e64bdf7ab9d847033e2a5e4d2b8ec7
  SnapKit: 1ca44df72cfa543218d177cb8aab029d10d86ea7

PODFILE CHECKSUM: b63a58336b9471a5dbe1ffe7ea7d0b94f6dbf667

COCOAPODS: 1.2.0
